
Microsoft Visual Studio Solution File, Format Version 12.00
# Visual Studio Version 17
VisualStudioVersion = 17.7.34009.444
MinimumVisualStudioVersion = 10.0.40219.1
Project("{9A19103F-16F7-4668-BE54-9A1E7A4F7556}") = "TodoApiDTO", "TodoApiDTO.csproj", "{623124F9-F5BA-42DD-BC26-A1720774229C}"
EndProject
Project("{2150E333-8FDC-42A3-9474-1A3956D46DE8}") = "DAL", "DAL", "{E4C17B70-61F6-4762-B880-1A3A01ADB0FE}"
EndProject
Project("{2150E333-8FDC-42A3-9474-1A3956D46DE8}") = "BLL", "BLL", "{39244B29-9E86-4B9E-AB9B-E3F461446DAF}"
EndProject
Project("{2150E333-8FDC-42A3-9474-1A3956D46DE8}") = "Common", "Common", "{2A373949-CE18-4387-A0FB-EB1DFD6B67D4}"
EndProject
Project("{FAE04EC0-301F-11D3-BF4B-00C04F79EFBC}") = "TodoList.Entities", "TodoList.Entities\TodoList.Entities.csproj", "{0A49FDF2-ACEE-4847-80D2-634046860B45}"
EndProject
Project("{FAE04EC0-301F-11D3-BF4B-00C04F79EFBC}") = "TodoList.DAL", "TodoList.DAL\TodoList.DAL.csproj", "{7A7D87C6-D674-41C7-9248-9852289685CA}"
EndProject
Project("{FAE04EC0-301F-11D3-BF4B-00C04F79EFBC}") = "TodoList.IDAL", "TodoList.IDAL\TodoList.IDAL.csproj", "{5D388B95-D123-4EFB-BDB9-488ED2628FF9}"
EndProject
Project("{FAE04EC0-301F-11D3-BF4B-00C04F79EFBC}") = "TodoList.BLL", "TodoList.BLL\TodoList.BLL.csproj", "{3D244DB0-FE33-4C88-88EE-DA31824BC28D}"
EndProject
Project("{FAE04EC0-301F-11D3-BF4B-00C04F79EFBC}") = "TodoList.IBLL", "TodoList.IBLL\TodoList.IBLL.csproj", "{3A09E1BF-A0E4-4973-940C-CAAEB8BD3574}"
EndProject
Global
	GlobalSection(SolutionConfigurationPlatforms) = preSolution
		Debug|Any CPU = Debug|Any CPU
		Release|Any CPU = Release|Any CPU
	EndGlobalSection
	GlobalSection(ProjectConfigurationPlatforms) = postSolution
		{623124F9-F5BA-42DD-BC26-A1720774229C}.Debug|Any CPU.ActiveCfg = Debug|Any CPU
		{623124F9-F5BA-42DD-BC26-A1720774229C}.Debug|Any CPU.Build.0 = Debug|Any CPU
		{623124F9-F5BA-42DD-BC26-A1720774229C}.Release|Any CPU.ActiveCfg = Release|Any CPU
		{623124F9-F5BA-42DD-BC26-A1720774229C}.Release|Any CPU.Build.0 = Release|Any CPU
		{0A49FDF2-ACEE-4847-80D2-634046860B45}.Debug|Any CPU.ActiveCfg = Debug|Any CPU
		{0A49FDF2-ACEE-4847-80D2-634046860B45}.Debug|Any CPU.Build.0 = Debug|Any CPU
		{0A49FDF2-ACEE-4847-80D2-634046860B45}.Release|Any CPU.ActiveCfg = Release|Any CPU
		{0A49FDF2-ACEE-4847-80D2-634046860B45}.Release|Any CPU.Build.0 = Release|Any CPU
		{7A7D87C6-D674-41C7-9248-9852289685CA}.Debug|Any CPU.ActiveCfg = Debug|Any CPU
		{7A7D87C6-D674-41C7-9248-9852289685CA}.Debug|Any CPU.Build.0 = Debug|Any CPU
		{7A7D87C6-D674-41C7-9248-9852289685CA}.Release|Any CPU.ActiveCfg = Release|Any CPU
		{7A7D87C6-D674-41C7-9248-9852289685CA}.Release|Any CPU.Build.0 = Release|Any CPU
		{5D388B95-D123-4EFB-BDB9-488ED2628FF9}.Debug|Any CPU.ActiveCfg = Debug|Any CPU
		{5D388B95-D123-4EFB-BDB9-488ED2628FF9}.Debug|Any CPU.Build.0 = Debug|Any CPU
		{5D388B95-D123-4EFB-BDB9-488ED2628FF9}.Release|Any CPU.ActiveCfg = Release|Any CPU
		{5D388B95-D123-4EFB-BDB9-488ED2628FF9}.Release|Any CPU.Build.0 = Release|Any CPU
		{3D244DB0-FE33-4C88-88EE-DA31824BC28D}.Debug|Any CPU.ActiveCfg = Debug|Any CPU
		{3D244DB0-FE33-4C88-88EE-DA31824BC28D}.Debug|Any CPU.Build.0 = Debug|Any CPU
		{3D244DB0-FE33-4C88-88EE-DA31824BC28D}.Release|Any CPU.ActiveCfg = Release|Any CPU
		{3D244DB0-FE33-4C88-88EE-DA31824BC28D}.Release|Any CPU.Build.0 = Release|Any CPU
		{3A09E1BF-A0E4-4973-940C-CAAEB8BD3574}.Debug|Any CPU.ActiveCfg = Debug|Any CPU
		{3A09E1BF-A0E4-4973-940C-CAAEB8BD3574}.Debug|Any CPU.Build.0 = Debug|Any CPU
		{3A09E1BF-A0E4-4973-940C-CAAEB8BD3574}.Release|Any CPU.ActiveCfg = Release|Any CPU
		{3A09E1BF-A0E4-4973-940C-CAAEB8BD3574}.Release|Any CPU.Build.0 = Release|Any CPU
	EndGlobalSection
	GlobalSection(SolutionProperties) = preSolution
		HideSolutionNode = FALSE
	EndGlobalSection
	GlobalSection(NestedProjects) = preSolution
		{0A49FDF2-ACEE-4847-80D2-634046860B45} = {2A373949-CE18-4387-A0FB-EB1DFD6B67D4}
		{7A7D87C6-D674-41C7-9248-9852289685CA} = {E4C17B70-61F6-4762-B880-1A3A01ADB0FE}
		{5D388B95-D123-4EFB-BDB9-488ED2628FF9} = {E4C17B70-61F6-4762-B880-1A3A01ADB0FE}
		{3D244DB0-FE33-4C88-88EE-DA31824BC28D} = {39244B29-9E86-4B9E-AB9B-E3F461446DAF}
		{3A09E1BF-A0E4-4973-940C-CAAEB8BD3574} = {39244B29-9E86-4B9E-AB9B-E3F461446DAF}
	EndGlobalSection
	GlobalSection(ExtensibilityGlobals) = postSolution
		SolutionGuid = {60984BC9-01D1-4B40-9733-E459B1231F96}
	EndGlobalSection
EndGlobal
